# THIS IS AN AUTOGENERATED FILE. DO NOT EDIT THIS FILE DIRECTLY.
# yarn lockfile v1


"@vuepress/plugin-active-header-links@^1.0.0-rc.1":
  version "1.0.0-rc.1"
  resolved "https://registry.yarnpkg.com/@vuepress/plugin-active-header-links/-/plugin-active-header-links-1.0.0-rc.1.tgz#46dc6f2efe6aef10c36f870e02b6d7af473de0cc"
  integrity sha512-EC1SrnWHIsbpIzfjCumTTiXnKXxKayM6YJJ6cPZHVVaP5BdEIiJdRuecs5hM44u4LigDqFbXbvwWN769Ygn65Q==
  dependencies:
    lodash.throttle "^4.1.1"

"@vuepress/plugin-back-to-top@^1.0.0-rc.1":
  version "1.0.0-rc.1"
  resolved "https://registry.yarnpkg.com/@vuepress/plugin-back-to-top/-/plugin-back-to-top-1.0.0-rc.1.tgz#91fb693f3c7d7a9d8019842bb061ad756445e4ca"
  integrity sha512-6XQfuNDLbfjOyxrVcgD09shPiFjc/YTkhAUMRrnkEfq1Uacaw9idr9BlCt+92Co3auIB15x7hsgyPr0es+PPNQ==
  dependencies:
    lodash.debounce "^4.0.8"

"@vuepress/plugin-nprogress@^1.0.0-rc.1":
  version "1.0.0-rc.1"
  resolved "https://registry.yarnpkg.com/@vuepress/plugin-nprogress/-/plugin-nprogress-1.0.0-rc.1.tgz#1e5a07ce11d72d512afa2311f10043d1a0060f46"
  integrity sha512-WPYY/dnddcjb/WLSxGidtdE/Rag57r21JZ8GDEA8UGOvv7gx3gS/BoMD3LTsFEOUctpXTMYjZJrdwTv+MxZLoQ==
  dependencies:
    nprogress "^0.2.0"

lodash.debounce@^4.0.8:
  version "4.0.8"
  resolved "https://registry.yarnpkg.com/lodash.debounce/-/lodash.debounce-4.0.8.tgz#82d79bff30a67c4005ffd5e2515300ad9ca4d7af"
  integrity sha1-gteb/zCmfEAF/9XiUVMArZyk168=

lodash.throttle@^4.1.1:
  version "4.1.1"
  resolved "https://registry.yarnpkg.com/lodash.throttle/-/lodash.throttle-4.1.1.tgz#c23e91b710242ac70c37f1e1cda9274cc39bf2f4"
  integrity sha1-wj6RtxAkKscMN/HhzaknTMOb8vQ=

nprogress@^0.2.0:
  version "0.2.0"
  resolved "https://registry.yarnpkg.com/nprogress/-/nprogress-0.2.0.tgz#cb8f34c53213d895723fcbab907e9422adbcafb1"
  integrity sha1-y480xTIT2JVyP8urkH6UIq28r7E=
